
Microsoft Visual Studio Solution File, Format Version 12.00
# Visual Studio Version 17
VisualStudioVersion = 17.12.35707.178
MinimumVisualStudioVersion = 10.0.40219.1
Project("{FAE04EC0-301F-11D3-BF4B-00C04F79EFBC}") = "HelloMVC", "HelloMVC\HelloMVC.csproj", "{AF3E5537-AB0D-4C0E-B8FB-100E080BBFD8}"
EndProject
Project("{FAE04EC0-301F-11D3-BF4B-00C04F79EFBC}") = "HelloRazor", "HelloRazor\HelloRazor.csproj", "{3C2D2006-ED5D-4BC1-AC50-77765C21C5F3}"
EndProject
Project("{FAE04EC0-301F-11D3-BF4B-00C04F79EFBC}") = "HelloWebAPI", "HelloWebAPI\HelloWebAPI.csproj", "{B80AFB99-B1FD-4C69-9864-45F0AE14025F}"
EndProject
Project("{FAE04EC0-301F-11D3-BF4B-00C04F79EFBC}") = "HelloEmpty", "HelloEmpty\HelloEmpty.csproj", "{61AF084C-B107-413E-B809-F271AE58AC33}"
EndProject
Project("{FAE04EC0-301F-11D3-BF4B-00C04F79EFBC}") = "HelloBlazorServer", "HelloBlazorServer\HelloBlazorServer.csproj", "{E271E543-A322-463C-ABEA-08F9D0DF310E}"
EndProject
Project("{FAE04EC0-301F-11D3-BF4B-00C04F79EFBC}") = "HelloBlazorClient", "HelloBlazorClient\HelloBlazorClient.csproj", "{EE8DF613-AD70-46DB-B27D-22AF891B4433}"
EndProject
Project("{2150E333-8FDC-42A3-9474-1A3956D46DE8}") = "chapter01", "chapter01", "{81B863A5-0C81-4729-9029-1F22D4A92BB6}"
EndProject
Project("{2150E333-8FDC-42A3-9474-1A3956D46DE8}") = "chapter02", "chapter02", "{E9F94D5D-DE59-4789-B836-0501097B4083}"
EndProject
Project("{FAE04EC0-301F-11D3-BF4B-00C04F79EFBC}") = "BlazorApp", "BlazorApp\BlazorApp.csproj", "{A07522B8-CA28-4BC7-B9B5-B47F2153B983}"
EndProject
Project("{FAE04EC0-301F-11D3-BF4B-00C04F79EFBC}") = "BlazorStudy", "BlazorStudy\BlazorStudy.csproj", "{DA9C01AD-DBE2-43B1-AACD-95BB1C7BBAB0}"
EndProject
Project("{FAE04EC0-301F-11D3-BF4B-00C04F79EFBC}") = "BlazorStudy2", "BlazorStudy2\BlazorStudy2.csproj", "{4C04A24A-6C91-4B4A-BF4D-2BDEDF8E0657}"
EndProject
Project("{FAE04EC0-301F-11D3-BF4B-00C04F79EFBC}") = "RankingApp", "RankingApp\RankingApp.csproj", "{D4ED78BE-A866-468E-8065-DC5D83578C25}"
EndProject
Project("{2150E333-8FDC-42A3-9474-1A3956D46DE8}") = "chapter03", "chapter03", "{6182F2B5-D344-413F-BF82-8DED7E6F84E1}"
EndProject
Project("{FAE04EC0-301F-11D3-BF4B-00C04F79EFBC}") = "WebApi", "WebApi\WebApi.csproj", "{213DC69E-A02F-4B1D-84F5-FBE4007848E2}"
EndProject
Project("{FAE04EC0-301F-11D3-BF4B-00C04F79EFBC}") = "SharedData", "SharedData\SharedData.csproj", "{D2572ED6-9D10-4511-A302-B3E23C0D5683}"
EndProject
Project("{FAE04EC0-301F-11D3-BF4B-00C04F79EFBC}") = "RankingApp2", "RankingApp2\RankingApp2.csproj", "{BDBFB6A2-1539-48C4-A6EB-17BBD2C907AA}"
EndProject
Project("{2150E333-8FDC-42A3-9474-1A3956D46DE8}") = "chapter04", "chapter04", "{9EFCD4EF-8CD0-4A74-8140-5F8D73C78DEE}"
EndProject
Project("{FAE04EC0-301F-11D3-BF4B-00C04F79EFBC}") = "DataBase", "DataBase\DataBase.csproj", "{AF94719A-6C8E-4055-B925-B04AD7B3FB15}"
EndProject
Global
	GlobalSection(SolutionConfigurationPlatforms) = preSolution
		Debug|Any CPU = Debug|Any CPU
		Release|Any CPU = Release|Any CPU
	EndGlobalSection
	GlobalSection(ProjectConfigurationPlatforms) = postSolution
		{AF3E5537-AB0D-4C0E-B8FB-100E080BBFD8}.Debug|Any CPU.ActiveCfg = Debug|Any CPU
		{AF3E5537-AB0D-4C0E-B8FB-100E080BBFD8}.Debug|Any CPU.Build.0 = Debug|Any CPU
		{AF3E5537-AB0D-4C0E-B8FB-100E080BBFD8}.Release|Any CPU.ActiveCfg = Release|Any CPU
		{AF3E5537-AB0D-4C0E-B8FB-100E080BBFD8}.Release|Any CPU.Build.0 = Release|Any CPU
		{3C2D2006-ED5D-4BC1-AC50-77765C21C5F3}.Debug|Any CPU.ActiveCfg = Debug|Any CPU
		{3C2D2006-ED5D-4BC1-AC50-77765C21C5F3}.Debug|Any CPU.Build.0 = Debug|Any CPU
		{3C2D2006-ED5D-4BC1-AC50-77765C21C5F3}.Release|Any CPU.ActiveCfg = Release|Any CPU
		{3C2D2006-ED5D-4BC1-AC50-77765C21C5F3}.Release|Any CPU.Build.0 = Release|Any CPU
		{B80AFB99-B1FD-4C69-9864-45F0AE14025F}.Debug|Any CPU.ActiveCfg = Debug|Any CPU
		{B80AFB99-B1FD-4C69-9864-45F0AE14025F}.Debug|Any CPU.Build.0 = Debug|Any CPU
		{B80AFB99-B1FD-4C69-9864-45F0AE14025F}.Release|Any CPU.ActiveCfg = Release|Any CPU
		{B80AFB99-B1FD-4C69-9864-45F0AE14025F}.Release|Any CPU.Build.0 = Release|Any CPU
		{61AF084C-B107-413E-B809-F271AE58AC33}.Debug|Any CPU.ActiveCfg = Debug|Any CPU
		{61AF084C-B107-413E-B809-F271AE58AC33}.Debug|Any CPU.Build.0 = Debug|Any CPU
		{61AF084C-B107-413E-B809-F271AE58AC33}.Release|Any CPU.ActiveCfg = Release|Any CPU
		{61AF084C-B107-413E-B809-F271AE58AC33}.Release|Any CPU.Build.0 = Release|Any CPU
		{E271E543-A322-463C-ABEA-08F9D0DF310E}.Debug|Any CPU.ActiveCfg = Debug|Any CPU
		{E271E543-A322-463C-ABEA-08F9D0DF310E}.Debug|Any CPU.Build.0 = Debug|Any CPU
		{E271E543-A322-463C-ABEA-08F9D0DF310E}.Release|Any CPU.ActiveCfg = Release|Any CPU
		{E271E543-A322-463C-ABEA-08F9D0DF310E}.Release|Any CPU.Build.0 = Release|Any CPU
		{EE8DF613-AD70-46DB-B27D-22AF891B4433}.Debug|Any CPU.ActiveCfg = Debug|Any CPU
		{EE8DF613-AD70-46DB-B27D-22AF891B4433}.Debug|Any CPU.Build.0 = Debug|Any CPU
		{EE8DF613-AD70-46DB-B27D-22AF891B4433}.Release|Any CPU.ActiveCfg = Release|Any CPU
		{EE8DF613-AD70-46DB-B27D-22AF891B4433}.Release|Any CPU.Build.0 = Release|Any CPU
		{A07522B8-CA28-4BC7-B9B5-B47F2153B983}.Debug|Any CPU.ActiveCfg = Debug|Any CPU
		{A07522B8-CA28-4BC7-B9B5-B47F2153B983}.Debug|Any CPU.Build.0 = Debug|Any CPU
		{A07522B8-CA28-4BC7-B9B5-B47F2153B983}.Release|Any CPU.ActiveCfg = Release|Any CPU
		{A07522B8-CA28-4BC7-B9B5-B47F2153B983}.Release|Any CPU.Build.0 = Release|Any CPU
		{DA9C01AD-DBE2-43B1-AACD-95BB1C7BBAB0}.Debug|Any CPU.ActiveCfg = Debug|Any CPU
		{DA9C01AD-DBE2-43B1-AACD-95BB1C7BBAB0}.Debug|Any CPU.Build.0 = Debug|Any CPU
		{DA9C01AD-DBE2-43B1-AACD-95BB1C7BBAB0}.Release|Any CPU.ActiveCfg = Release|Any CPU
		{DA9C01AD-DBE2-43B1-AACD-95BB1C7BBAB0}.Release|Any CPU.Build.0 = Release|Any CPU
		{4C04A24A-6C91-4B4A-BF4D-2BDEDF8E0657}.Debug|Any CPU.ActiveCfg = Debug|Any CPU
		{4C04A24A-6C91-4B4A-BF4D-2BDEDF8E0657}.Debug|Any CPU.Build.0 = Debug|Any CPU
		{4C04A24A-6C91-4B4A-BF4D-2BDEDF8E0657}.Release|Any CPU.ActiveCfg = Release|Any CPU
		{4C04A24A-6C91-4B4A-BF4D-2BDEDF8E0657}.Release|Any CPU.Build.0 = Release|Any CPU
		{D4ED78BE-A866-468E-8065-DC5D83578C25}.Debug|Any CPU.ActiveCfg = Debug|Any CPU
		{D4ED78BE-A866-468E-8065-DC5D83578C25}.Debug|Any CPU.Build.0 = Debug|Any CPU
		{D4ED78BE-A866-468E-8065-DC5D83578C25}.Release|Any CPU.ActiveCfg = Release|Any CPU
		{D4ED78BE-A866-468E-8065-DC5D83578C25}.Release|Any CPU.Build.0 = Release|Any CPU
		{213DC69E-A02F-4B1D-84F5-FBE4007848E2}.Debug|Any CPU.ActiveCfg = Debug|Any CPU
		{213DC69E-A02F-4B1D-84F5-FBE4007848E2}.Debug|Any CPU.Build.0 = Debug|Any CPU
		{213DC69E-A02F-4B1D-84F5-FBE4007848E2}.Release|Any CPU.ActiveCfg = Release|Any CPU
		{213DC69E-A02F-4B1D-84F5-FBE4007848E2}.Release|Any CPU.Build.0 = Release|Any CPU
		{D2572ED6-9D10-4511-A302-B3E23C0D5683}.Debug|Any CPU.ActiveCfg = Debug|Any CPU
		{D2572ED6-9D10-4511-A302-B3E23C0D5683}.Debug|Any CPU.Build.0 = Debug|Any CPU
		{D2572ED6-9D10-4511-A302-B3E23C0D5683}.Release|Any CPU.ActiveCfg = Release|Any CPU
		{D2572ED6-9D10-4511-A302-B3E23C0D5683}.Release|Any CPU.Build.0 = Release|Any CPU
		{BDBFB6A2-1539-48C4-A6EB-17BBD2C907AA}.Debug|Any CPU.ActiveCfg = Debug|Any CPU
		{BDBFB6A2-1539-48C4-A6EB-17BBD2C907AA}.Debug|Any CPU.Build.0 = Debug|Any CPU
		{BDBFB6A2-1539-48C4-A6EB-17BBD2C907AA}.Release|Any CPU.ActiveCfg = Release|Any CPU
		{BDBFB6A2-1539-48C4-A6EB-17BBD2C907AA}.Release|Any CPU.Build.0 = Release|Any CPU
		{AF94719A-6C8E-4055-B925-B04AD7B3FB15}.Debug|Any CPU.ActiveCfg = Debug|Any CPU
		{AF94719A-6C8E-4055-B925-B04AD7B3FB15}.Debug|Any CPU.Build.0 = Debug|Any CPU
		{AF94719A-6C8E-4055-B925-B04AD7B3FB15}.Release|Any CPU.ActiveCfg = Release|Any CPU
		{AF94719A-6C8E-4055-B925-B04AD7B3FB15}.Release|Any CPU.Build.0 = Release|Any CPU
	EndGlobalSection
	GlobalSection(SolutionProperties) = preSolution
		HideSolutionNode = FALSE
	EndGlobalSection
	GlobalSection(NestedProjects) = preSolution
		{AF3E5537-AB0D-4C0E-B8FB-100E080BBFD8} = {81B863A5-0C81-4729-9029-1F22D4A92BB6}
		{3C2D2006-ED5D-4BC1-AC50-77765C21C5F3} = {81B863A5-0C81-4729-9029-1F22D4A92BB6}
		{B80AFB99-B1FD-4C69-9864-45F0AE14025F} = {81B863A5-0C81-4729-9029-1F22D4A92BB6}
		{61AF084C-B107-413E-B809-F271AE58AC33} = {81B863A5-0C81-4729-9029-1F22D4A92BB6}
		{E271E543-A322-463C-ABEA-08F9D0DF310E} = {81B863A5-0C81-4729-9029-1F22D4A92BB6}
		{EE8DF613-AD70-46DB-B27D-22AF891B4433} = {81B863A5-0C81-4729-9029-1F22D4A92BB6}
		{A07522B8-CA28-4BC7-B9B5-B47F2153B983} = {E9F94D5D-DE59-4789-B836-0501097B4083}
		{DA9C01AD-DBE2-43B1-AACD-95BB1C7BBAB0} = {E9F94D5D-DE59-4789-B836-0501097B4083}
		{4C04A24A-6C91-4B4A-BF4D-2BDEDF8E0657} = {E9F94D5D-DE59-4789-B836-0501097B4083}
		{D4ED78BE-A866-468E-8065-DC5D83578C25} = {E9F94D5D-DE59-4789-B836-0501097B4083}
		{213DC69E-A02F-4B1D-84F5-FBE4007848E2} = {6182F2B5-D344-413F-BF82-8DED7E6F84E1}
		{D2572ED6-9D10-4511-A302-B3E23C0D5683} = {6182F2B5-D344-413F-BF82-8DED7E6F84E1}
		{BDBFB6A2-1539-48C4-A6EB-17BBD2C907AA} = {6182F2B5-D344-413F-BF82-8DED7E6F84E1}
		{AF94719A-6C8E-4055-B925-B04AD7B3FB15} = {9EFCD4EF-8CD0-4A74-8140-5F8D73C78DEE}
	EndGlobalSection
EndGlobal
